// !$*UTF8*$!
{
	archiveVersion = 1;
	classes = {
	};
	objectVersion = 50;
	objects = {

/* Begin PBXBuildFile section */
		EA85981920D93BBC0011D23C /* AppDelegate.swift in Sources */ = {isa = PBXBuildFile; fileRef = EA85981820D93BBC0011D23C /* AppDelegate.swift */; };
		EA85981B20D93BBC0011D23C /* ViewController.swift in Sources */ = {isa = PBXBuildFile; fileRef = EA85981A20D93BBC0011D23C /* ViewController.swift */; };
		EA85981E20D93BBC0011D23C /* Main.storyboard in Resources */ = {isa = PBXBuildFile; fileRef = EA85981C20D93BBC0011D23C /* Main.storyboard */; };
		EA85982020D93BBD0011D23C /* Assets.xcassets in Resources */ = {isa = PBXBuildFile; fileRef = EA85981F20D93BBD0011D23C /* Assets.xcassets */; };
		EA85982320D93BBD0011D23C /* LaunchScreen.storyboard in Resources */ = {isa = PBXBuildFile; fileRef = EA85982120D93BBD0011D23C /* LaunchScreen.storyboard */; };
		EA85982C20D93F6B0011D23C /* LogInController.swift in Sources */ = {isa = PBXBuildFile; fileRef = EA85982B20D93F6B0011D23C /* LogInController.swift */; };
		EAE1AA1420DA9DCF00124DB9 /* GoogleService-Info.plist in Resources */ = {isa = PBXBuildFile; fileRef = EAE1AA1320DA9DCF00124DB9 /* GoogleService-Info.plist */; };
		FB700C4BCB3ECE8DD62505DD /* Pods_ChattyChat180619.framework in Frameworks */ = {isa = PBXBuildFile; fileRef = 9A7910E527562B5CF9075F3B /* Pods_ChattyChat180619.framework */; };
/* End PBXBuildFile section */

/* Begin PBXFileReference section */
		9A7910E527562B5CF9075F3B /* Pods_ChattyChat180619.framework */ = {isa = PBXFileReference; explicitFileType = wrapper.framework; includeInIndex = 0; path = Pods_ChattyChat180619.framework; sourceTree = BUILT_PRODUCTS_DIR; };
		A7262C78F3BB27A47D17A19C /* Pods-ChattyChat180619.release.xcconfig */ = {isa = PBXFileReference; includeInIndex = 1; lastKnownFileType = text.xcconfig; name = "Pods-ChattyChat180619.release.xcconfig"; path = "Pods/Target Support Files/Pods-ChattyChat180619/Pods-ChattyChat180619.release.xcconfig"; sourceTree = "<group>"; };
		E379C322BDBDE0B8DA6FC6C7 /* Pods-ChattyChat180619.debug.xcconfig */ = {isa = PBXFileReference; includeInIndex = 1; lastKnownFileType = text.xcconfig; name = "Pods-ChattyChat180619.debug.xcconfig"; path = "Pods/Target Support Files/Pods-ChattyChat180619/Pods-ChattyChat180619.debug.xcconfig"; sourceTree = "<group>"; };
		EA85981520D93BBC0011D23C /* ChattyChat180619.app */ = {isa = PBXFileReference; explicitFileType = wrapper.application; includeInIndex = 0; path = ChattyChat180619.app; sourceTree = BUILT_PRODUCTS_DIR; };
		EA85981820D93BBC0011D23C /* AppDelegate.swift */ = {isa = PBXFileReference; lastKnownFileType = sourcecode.swift; path = AppDelegate.swift; sourceTree = "<group>"; };
		EA85981A20D93BBC0011D23C /* ViewController.swift */ = {isa = PBXFileReference; lastKnownFileType = sourcecode.swift; path = ViewController.swift; sourceTree = "<group>"; };
		EA85981D20D93BBC0011D23C /* Base */ = {isa = PBXFileReference; lastKnownFileType = file.storyboard; name = Base; path = Base.lproj/Main.storyboard; sourceTree = "<group>"; };
		EA85981F20D93BBD0011D23C /* Assets.xcassets */ = {isa = PBXFileReference; lastKnownFileType = folder.assetcatalog; path = Assets.xcassets; sourceTree = "<group>"; };
		EA85982220D93BBD0011D23C /* Base */ = {isa = PBXFileReference; lastKnownFileType = file.storyboard; name = Base; path = Base.lproj/LaunchScreen.storyboard; sourceTree = "<group>"; };
		EA85982420D93BBD0011D23C /* Info.plist */ = {isa = PBXFileReference; lastKnownFileType = text.plist.xml; path = Info.plist; sourceTree = "<group>"; };
		EA85982B20D93F6B0011D23C /* LogInController.swift */ = {isa = PBXFileReference; lastKnownFileType = sourcecode.swift; path = LogInController.swift; sourceTree = "<group>"; };
		EAE1AA1320DA9DCF00124DB9 /* GoogleService-Info.plist */ = {isa = PBXFileReference; fileEncoding = 4; lastKnownFileType = text.plist.xml; path = "GoogleService-Info.plist"; sourceTree = "<group>"; };
/* End PBXFileReference section */

/* Begin PBXFrameworksBuildPhase section */
		EA85981220D93BBC0011D23C /* Frameworks */ = {
			isa = PBXFrameworksBuildPhase;
			buildActionMask = 2147483647;
			files = (
				FB700C4BCB3ECE8DD62505DD /* Pods_ChattyChat180619.framework in Frameworks */,
			);
			runOnlyForDeploymentPostprocessing = 0;
		};
/* End PBXFrameworksBuildPhase section */

/* Begin PBXGroup section */
		3628ACD3AC5F992F1B5D4E27 /* Frameworks */ = {
			isa = PBXGroup;
			children = (
				9A7910E527562B5CF9075F3B /* Pods_ChattyChat180619.framework */,
			);
			name = Frameworks;
			sourceTree = "<group>";
		};
		7FD7FFC8249C14DB41658252 /* Pods */ = {
			isa = PBXGroup;
			children = (
				E379C322BDBDE0B8DA6FC6C7 /* Pods-ChattyChat180619.debug.xcconfig */,
				A7262C78F3BB27A47D17A19C /* Pods-ChattyChat180619.release.xcconfig */,
			);
			name = Pods;
			sourceTree = "<group>";
		};
		EA85980C20D93BBC0011D23C = {
			isa = PBXGroup;
			children = (
				EA85981720D93BBC0011D23C /* ChattyChat180619 */,
				EA85981620D93BBC0011D23C /* Products */,
				7FD7FFC8249C14DB41658252 /* Pods */,
				3628ACD3AC5F992F1B5D4E27 /* Frameworks */,
			);
			sourceTree = "<group>";
		};
		EA85981620D93BBC0011D23C /* Products */ = {
			isa = PBXGroup;
			children = (
				EA85981520D93BBC0011D23C /* ChattyChat180619.app */,
			);
			name = Products;
			sourceTree = "<group>";
		};
		EA85981720D93BBC0011D23C /* ChattyChat180619 */ = {
			isa = PBXGroup;
			children = (
				EA85982A20D93F350011D23C /* Controller */,
				EA85981820D93BBC0011D23C /* AppDelegate.swift */,
				EA85981C20D93BBC0011D23C /* Main.storyboard */,
				EA85981F20D93BBD0011D23C /* Assets.xcassets */,
				EA85982120D93BBD0011D23C /* LaunchScreen.storyboard */,
				EA85982420D93BBD0011D23C /* Info.plist */,
				EAE1AA1320DA9DCF00124DB9 /* GoogleService-Info.plist */,
			);
			path = ChattyChat180619;
			sourceTree = "<group>";
		};
		EA85982A20D93F350011D23C /* Controller */ = {
			isa = PBXGroup;
			children = (
				EA85982B20D93F6B0011D23C /* LogInController.swift */,
				EA85981A20D93BBC0011D23C /* ViewController.swift */,
			);
			path = Controller;
			sourceTree = "<group>";
		};
/* End PBXGroup section */

/* Begin PBXNativeTarget section */
		EA85981420D93BBC0011D23C /* ChattyChat180619 */ = {
			isa = PBXNativeTarget;
			buildConfigurationList = EA85982720D93BBD0011D23C /* Build configuration list for PBXNativeTarget "ChattyChat180619" */;
			buildPhases = (
				430F951DEA90B888C7EC3290 /* [CP] Check Pods Manifest.lock */,
				EA85981120D93BBC0011D23C /* Sources */,
				EA85981220D93BBC0011D23C /* Frameworks */,
				EA85981320D93BBC0011D23C /* Resources */,
				0767989570A0057E28F7A1FC /* [CP] Embed Pods Frameworks */,
			);
			buildRules = (
			);
			dependencies = (
			);
			name = ChattyChat180619;
			productName = ChattyChat180619;
			productReference = EA85981520D93BBC0011D23C /* ChattyChat180619.app */;
			productType = "com.apple.product-type.application";
		};
/* End PBXNativeTarget section */

/* Begin PBXProject section */
		EA85980D20D93BBC0011D23C /* Project object */ = {
			isa = PBXProject;
			attributes = {
				LastSwiftUpdateCheck = 0940;
				LastUpgradeCheck = 0940;
				ORGANIZATIONNAME = TonyTang;
				TargetAttributes = {
					EA85981420D93BBC0011D23C = {
						CreatedOnToolsVersion = 9.4;
					};
				};
			};
			buildConfigurationList = EA85981020D93BBC0011D23C /* Build configuration list for PBXProject "ChattyChat180619" */;
			compatibilityVersion = "Xcode 9.3";
			developmentRegion = en;
			hasScannedForEncodings = 0;
			knownRegions = (
				en,
				Base,
			);
			mainGroup = EA85980C20D93BBC0011D23C;
			productRefGroup = EA85981620D93BBC0011D23C /* Products */;
			projectDirPath = "";
			projectRoot = "";
			targets = (
				EA85981420D93BBC0011D23C /* ChattyChat180619 */,
			);
		};
/* End PBXProject section */

/* Begin PBXResourcesBuildPhase section */
		EA85981320D93BBC0011D23C /* Resources */ = {
			isa = PBXResourcesBuildPhase;
			buildActionMask = 2147483647;
			files = (
				EA85982320D93BBD0011D23C /* LaunchScreen.storyboard in Resources */,
				EAE1AA1420DA9DCF00124DB9 /* GoogleService-Info.plist in Resources */,
				EA85982020D93BBD0011D23C /* Assets.xcassets in Resources */,
				EA85981E20D93BBC0011D23C /* Main.storyboard in Resources */,
			);
			runOnlyForDeploymentPostprocessing = 0;
		};
/* End PBXResourcesBuildPhase section */

/* Begin PBXShellScriptBuildPhase section */
		0767989570A0057E28F7A1FC /* [CP] Embed Pods Frameworks */ = {
			isa = PBXShellScriptBuildPhase;
			buildActionMask = 2147483647;
			files = (
			);
			inputPaths = (
				"${SRCROOT}/Pods/Target Support Files/Pods-ChattyChat180619/Pods-ChattyChat180619-frameworks.sh",
				"${BUILT_PRODUCTS_DIR}/Alamofire/Alamofire.framework",
				"${BUILT_PRODUCTS_DIR}/LeanCloud/LeanCloud.framework",
			);
			name = "[CP] Embed Pods Frameworks";
			outputPaths = (
				"${TARGET_BUILD_DIR}/${FRAMEWORKS_FOLDER_PATH}/Alamofire.framework",
				"${TARGET_BUILD_DIR}/${FRAMEWORKS_FOLDER_PATH}/LeanCloud.framework",
			);
			runOnlyForDeploymentPostprocessing = 0;
			shellPath = /bin/sh;
			shellScript = "\"${SRCROOT}/Pods/Target Support Files/Pods-ChattyChat180619/Pods-ChattyChat180619-frameworks.sh\"\n";
			showEnvVarsInLog = 0;
		};
		430F951DEA90B888C7EC3290 /* [CP] Check Pods Manifest.lock */ = {
			isa = PBXShellScriptBuildPhase;
			buildActionMask = 2147483647;
			files = (
			);
			inputPaths = (
				"${PODS_PODFILE_DIR_PATH}/Podfile.lock",
				"${PODS_ROOT}/Manifest.lock",
			);
			name = "[CP] Check Pods Manifest.lock";
			outputPaths = (
				"$(DERIVED_FILE_DIR)/Pods-ChattyChat180619-checkManifestLockResult.txt",
			);
			runOnlyForDeploymentPostprocessing = 0;
			shellPath = /bin/sh;
			shellScript = "diff \"${PODS_PODFILE_DIR_PATH}/Podfile.lock\" \"${PODS_ROOT}/Manifest.lock\" > /dev/null\nif [ $? != 0 ] ; then\n    # print error to STDERR\n    echo \"error: The sandbox is not in sync with the Podfile.lock. Run 'pod install' or update your CocoaPods installation.\" >&2\n    exit 1\nfi\n# This output is used by Xcode 'outputs' to avoid re-running this script phase.\necho \"SUCCESS\" > \"${SCRIPT_OUTPUT_FILE_0}\"\n";
			showEnvVarsInLog = 0;
		};
/* End PBXShellScriptBuildPhase section */

/* Begin PBXSourcesBuildPhase section */
		EA85981120D93BBC0011D23C /* Sources */ = {
			isa = PBXSourcesBuildPhase;
			buildActionMask = 2147483647;
			files = (
				EA85981B20D93BBC0011D23C /* ViewController.swift in Sources */,
				EA85982C20D93F6B0011D23C /* LogInController.swift in Sources */,
				EA85981920D93BBC0011D23C /* AppDelegate.swift in Sources */,
			);
			runOnlyForDeploymentPostprocessing = 0;
		};
/* End PBXSourcesBuildPhase section */

/* Begin PBXVariantGroup section */
		EA85981C20D93BBC0011D23C /* Main.storyboard */ = {
			isa = PBXVariantGroup;
			children = (
				EA85981D20D93BBC0011D23C /* Base */,
			);
			name = Main.storyboard;
			sourceTree = "<group>";
		};
		EA85982120D93BBD0011D23C /* LaunchScreen.storyboard */ = {
			isa = PBXVariantGroup;
			children = (
				EA85982220D93BBD0011D23C /* Base */,
			);
			name = LaunchScreen.storyboard;
			sourceTree = "<group>";
		};
/* End PBXVariantGroup section */

/* Begin XCBuildConfiguration section */
		EA85982520D93BBD0011D23C /* Debug */ = {
			isa = XCBuildConfiguration;
			buildSettings = {
				ALWAYS_SEARCH_USER_PATHS = NO;
				CLANG_ANALYZER_NONNULL = YES;
				CLANG_ANALYZER_NUMBER_OBJECT_CONVERSION = YES_AGGRESSIVE;
				CLANG_CXX_LANGUAGE_STANDARD = "gnu++14";
				CLANG_CXX_LIBRARY = "libc++";
				CLANG_ENABLE_MODULES = YES;
				CLANG_ENABLE_OBJC_ARC = YES;
				CLANG_ENABLE_OBJC_WEAK = YES;
				CLANG_WARN_BLOCK_CAPTURE_AUTORELEASING = YES;
				CLANG_WARN_BOOL_CONVERSION = YES;
				CLANG_WARN_COMMA = YES;
				CLANG_WARN_CONSTANT_CONVERSION = YES;
				CLANG_WARN_DEPRECATED_OBJC_IMPLEMENTATIONS = YES;
				CLANG_WARN_DIRECT_OBJC_ISA_USAGE = YES_ERROR;
				CLANG_WARN_DOCUMENTATION_COMMENTS = YES;
				CLANG_WARN_EMPTY_BODY = YES;
				CLANG_WARN_ENUM_CONVERSION = YES;
				CLANG_WARN_INFINITE_RECURSION = YES;
				CLANG_WARN_INT_CONVERSION = YES;
				CLANG_WARN_NON_LITERAL_NULL_CONVERSION = YES;
				CLANG_WARN_OBJC_IMPLICIT_RETAIN_SELF = YES;
				CLANG_WARN_OBJC_LITERAL_CONVERSION = YES;
				CLANG_WARN_OBJC_ROOT_CLASS = YES_ERROR;
				CLANG_WARN_RANGE_LOOP_ANALYSIS = YES;
				CLANG_WARN_STRICT_PROTOTYPES = YES;
				CLANG_WARN_SUSPICIOUS_MOVE = YES;
				CLANG_WARN_UNGUARDED_AVAILABILITY = YES_AGGRESSIVE;
				CLANG_WARN_UNREACHABLE_CODE = YES;
				CLANG_WARN__DUPLICATE_METHOD_MATCH = YES;
				CODE_SIGN_IDENTITY = "iPhone Developer";
				COPY_PHASE_STRIP = NO;
				DEBUG_INFORMATION_FORMAT = dwarf;
				ENABLE_STRICT_OBJC_MSGSEND = YES;
				ENABLE_TESTABILITY = YES;
				GCC_C_LANGUAGE_STANDARD = gnu11;
				GCC_DYNAMIC_NO_PIC = NO;
				GCC_NO_COMMON_BLOCKS = YES;
				GCC_OPTIMIZATION_LEVEL = 0;
				GCC_PREPROCESSOR_DEFINITIONS = (
					"DEBUG=1",
					"$(inherited)",
				);
				GCC_WARN_64_TO_32_BIT_CONVERSION = YES;
				GCC_WARN_ABOUT_RETURN_TYPE = YES_ERROR;
				GCC_WARN_UNDECLARED_SELECTOR = YES;
				GCC_WARN_UNINITIALIZED_AUTOS = YES_AGGRESSIVE;
				GCC_WARN_UNUSED_FUNCTION = YES;
				GCC_WARN_UNUSED_VARIABLE = YES;
				IPHONEOS_DEPLOYMENT_TARGET = 11.4;
				MTL_ENABLE_DEBUG_INFO = YES;
				ONLY_ACTIVE_ARCH = YES;
				SDKROOT = iphoneos;
				SWIFT_ACTIVE_COMPILATION_CONDITIONS = DEBUG;
				SWIFT_OPTIMIZATION_LEVEL = "-Onone";
			};
			name = Debug;
		};
		EA85982620D93BBD0011D23C /* Release */ = {
			isa = XCBuildConfiguration;
			buildSettings = {
				ALWAYS_SEARCH_USER_PATHS = NO;
				CLANG_ANALYZER_NONNULL = YES;
				CLANG_ANALYZER_NUMBER_OBJECT_CONVERSION = YES_AGGRESSIVE;
				CLANG_CXX_LANGUAGE_STANDARD = "gnu++14";
				CLANG_CXX_LIBRARY = "libc++";
				CLANG_ENABLE_MODULES = YES;
				CLANG_ENABLE_OBJC_ARC = YES;
				CLANG_ENABLE_OBJC_WEAK = YES;
				CLANG_WARN_BLOCK_CAPTURE_AUTORELEASING = YES;
				CLANG_WARN_BOOL_CONVERSION = YES;
				CLANG_WARN_COMMA = YES;
				CLANG_WARN_CONSTANT_CONVERSION = YES;
				CLANG_WARN_DEPRECATED_OBJC_IMPLEMENTATIONS = YES;
				CLANG_WARN_DIRECT_OBJC_ISA_USAGE = YES_ERROR;
				CLANG_WARN_DOCUMENTATION_COMMENTS = YES;
				CLANG_WARN_EMPTY_BODY = YES;
				CLANG_WARN_ENUM_CONVERSION = YES;
				CLANG_WARN_INFINITE_RECURSION = YES;
				CLANG_WARN_INT_CONVERSION = YES;
				CLANG_WARN_NON_LITERAL_NULL_CONVERSION = YES;
				CLANG_WARN_OBJC_IMPLICIT_RETAIN_SELF = YES;
				CLANG_WARN_OBJC_LITERAL_CONVERSION = YES;
				CLANG_WARN_OBJC_ROOT_CLASS = YES_ERROR;
				CLANG_WARN_RANGE_LOOP_ANALYSIS = YES;
				CLANG_WARN_STRICT_PROTOTYPES = YES;
				CLANG_WARN_SUSPICIOUS_MOVE = YES;
				CLANG_WARN_UNGUARDED_AVAILABILITY = YES_AGGRESSIVE;
				CLANG_WARN_UNREACHABLE_CODE = YES;
				CLANG_WARN__DUPLICATE_METHOD_MATCH = YES;
				CODE_SIGN_IDENTITY = "iPhone Developer";
				COPY_PHASE_STRIP = NO;
				DEBUG_INFORMATION_FORMAT = "dwarf-with-dsym";
				ENABLE_NS_ASSERTIONS = NO;
				ENABLE_STRICT_OBJC_MSGSEND = YES;
				GCC_C_LANGUAGE_STANDARD = gnu11;
				GCC_NO_COMMON_BLOCKS = YES;
				GCC_WARN_64_TO_32_BIT_CONVERSION = YES;
				GCC_WARN_ABOUT_RETURN_TYPE = YES_ERROR;
				GCC_WARN_UNDECLARED_SELECTOR = YES;
				GCC_WARN_UNINITIALIZED_AUTOS = YES_AGGRESSIVE;
				GCC_WARN_UNUSED_FUNCTION = YES;
				GCC_WARN_UNUSED_VARIABLE = YES;
				IPHONEOS_DEPLOYMENT_TARGET = 11.4;
				MTL_ENABLE_DEBUG_INFO = NO;
				SDKROOT = iphoneos;
				SWIFT_COMPILATION_MODE = wholemodule;
				SWIFT_OPTIMIZATION_LEVEL = "-O";
				VALIDATE_PRODUCT = YES;
			};
			name = Release;
		};
		EA85982820D93BBD0011D23C /* Debug */ = {
			isa = XCBuildConfiguration;
			baseConfigurationReference = E379C322BDBDE0B8DA6FC6C7 /* Pods-ChattyChat180619.debug.xcconfig */;
			buildSettings = {
				ASSETCATALOG_COMPILER_APPICON_NAME = AppIcon;
				CODE_SIGN_STYLE = Automatic;
				DEVELOPMENT_TEAM = 5V65NNG452;
				INFOPLIST_FILE = ChattyChat180619/Info.plist;
				LD_RUNPATH_SEARCH_PATHS = (
					"$(inherited)",
					"@executable_path/Frameworks",
				);
				PRODUCT_BUNDLE_IDENTIFIER = com.itonytang.ChattyChat180619;
				PRODUCT_NAME = "$(TARGET_NAME)";
				SWIFT_VERSION = 4.0;
				TARGETED_DEVICE_FAMILY = "1,2";
			};
			name = Debug;
		};
		EA85982920D93BBD0011D23C /* Release */ = {
			isa = XCBuildConfiguration;
			baseConfigurationReference = A7262C78F3BB27A47D17A19C /* Pods-ChattyChat180619.release.xcconfig */;
			buildSettings = {
				ASSETCATALOG_COMPILER_APPICON_NAME = AppIcon;
				CODE_SIGN_STYLE = Automatic;
				DEVELOPMENT_TEAM = 5V65NNG452;
				INFOPLIST_FILE = ChattyChat180619/Info.plist;
				LD_RUNPATH_SEARCH_PATHS = (
					"$(inherited)",
					"@executable_path/Frameworks",
				);
				PRODUCT_BUNDLE_IDENTIFIER = com.itonytang.ChattyChat180619;
				PRODUCT_NAME = "$(TARGET_NAME)";
				SWIFT_VERSION = 4.0;
				TARGETED_DEVICE_FAMILY = "1,2";
			};
			name = Release;
		};
/* End XCBuildConfiguration section */

/* Begin XCConfigurationList section */
		EA85981020D93BBC0011D23C /* Build configuration list for PBXProject "ChattyChat180619" */ = {
			isa = XCConfigurationList;
			buildConfigurations = (
				EA85982520D93BBD0011D23C /* Debug */,
				EA85982620D93BBD0011D23C /* Release */,
			);
			defaultConfigurationIsVisible = 0;
			defaultConfigurationName = Release;
		};
		EA85982720D93BBD0011D23C /* Build configuration list for PBXNativeTarget "ChattyChat180619" */ = {
			isa = XCConfigurationList;
			buildConfigurations = (
				EA85982820D93BBD0011D23C /* Debug */,
				EA85982920D93BBD0011D23C /* Release */,
			);
			defaultConfigurationIsVisible = 0;
			defaultConfigurationName = Release;
		};
/* End XCConfigurationList section */
	};
	rootObject = EA85980D20D93BBC0011D23C /* Project object */;
}
